
Microsoft Visual Studio Solution File, Format Version 12.00
# Visual Studio Version 16
VisualStudioVersion = 16.0.33529.622
MinimumVisualStudioVersion = 10.0.40219.1
Project("{FAE04EC0-301F-11D3-BF4B-00C04F79EFBC}") = "OperatingSystem01", "OperatingSystem01\OperatingSystem01.csproj", "{38B08E3F-A6C5-4005-BAAD-8DEDF3B8368B}"
EndProject
Global
	GlobalSection(SolutionConfigurationPlatforms) = preSolution
		Debug|Any CPU = Debug|Any CPU
		Release|Any CPU = Release|Any CPU
	EndGlobalSection
	GlobalSection(ProjectConfigurationPlatforms) = postSolution
		{38B08E3F-A6C5-4005-BAAD-8DEDF3B8368B}.Debug|Any CPU.ActiveCfg = Debug|Any CPU
		{38B08E3F-A6C5-4005-BAAD-8DEDF3B8368B}.Debug|Any CPU.Build.0 = Debug|Any CPU
		{38B08E3F-A6C5-4005-BAAD-8DEDF3B8368B}.Release|Any CPU.ActiveCfg = Release|Any CPU
		{38B08E3F-A6C5-4005-BAAD-8DEDF3B8368B}.Release|Any CPU.Build.0 = Release|Any CPU
	EndGlobalSection
	GlobalSection(SolutionProperties) = preSolution
		HideSolutionNode = FALSE
	EndGlobalSection
	GlobalSection(ExtensibilityGlobals) = postSolution
		SolutionGuid = {48B51AA5-7BDC-48FD-BB1F-6883402B6091}
	EndGlobalSection
EndGlobal
